
Microsoft Visual Studio Solution File, Format Version 12.00
# Visual Studio Version 17
VisualStudioVersion = 17.0.31903.59
MinimumVisualStudioVersion = 10.0.40219.1
Project("{FAE04EC0-301F-11D3-BF4B-00C04F79EFBC}") = "TicketTests", "TicketTests\TicketTests.csproj", "{5FEA9503-DE9A-40F9-9650-B9B35FA0ADAD}"
EndProject
Global
	GlobalSection(SolutionConfigurationPlatforms) = preSolution
		Debug|Any CPU = Debug|Any CPU
		Release|Any CPU = Release|Any CPU
	EndGlobalSection
	GlobalSection(SolutionProperties) = preSolution
		HideSolutionNode = FALSE
	EndGlobalSection
	GlobalSection(ProjectConfigurationPlatforms) = postSolution
		{5FEA9503-DE9A-40F9-9650-B9B35FA0ADAD}.Debug|Any CPU.ActiveCfg = Debug|Any CPU
		{5FEA9503-DE9A-40F9-9650-B9B35FA0ADAD}.Debug|Any CPU.Build.0 = Debug|Any CPU
		{5FEA9503-DE9A-40F9-9650-B9B35FA0ADAD}.Release|Any CPU.ActiveCfg = Release|Any CPU
		{5FEA9503-DE9A-40F9-9650-B9B35FA0ADAD}.Release|Any CPU.Build.0 = Release|Any CPU
	EndGlobalSection
EndGlobal
